
Microsoft Visual Studio Solution File, Format Version 12.00
# Visual Studio 15
VisualStudioVersion = 15.0.26730.16
MinimumVisualStudioVersion = 10.0.40219.1
Project("{9A19103F-16F7-4668-BE54-9A1E7A4F7556}") = "Triangle.WebApi", "Triangle.WebApi\Triangle.WebApi.csproj", "{249D0F26-8147-406A-B927-50C070E4D9E5}"
EndProject
Project("{9A19103F-16F7-4668-BE54-9A1E7A4F7556}") = "Triangle.SharedKernel", "Triangle.SharedKernel\Triangle.SharedKernel.csproj", "{E1E405CD-4D4D-4A61-9E7E-8BFB29F19AA9}"
EndProject
Project("{9A19103F-16F7-4668-BE54-9A1E7A4F7556}") = "Triangle.CustomerManagement.Core", "Triangle.CustomerManagement.Core\Triangle.CustomerManagement.Core.csproj", "{B940D106-9F1F-44CA-A591-938631DDA03E}"
EndProject
Project("{9A19103F-16F7-4668-BE54-9A1E7A4F7556}") = "Triangle.Web", "Triangle.Web\Triangle.Web.csproj", "{2ACB0E62-957D-454C-9AFD-A55A33195125}"
EndProject
Project("{9A19103F-16F7-4668-BE54-9A1E7A4F7556}") = "Triangle.CustomerManagement.Data", "Triangle.CustomerManagement.Data\Triangle.CustomerManagement.Data.csproj", "{1027293F-506C-40C3-B8BF-69E25C6DE2D2}"
EndProject
Project("{9A19103F-16F7-4668-BE54-9A1E7A4F7556}") = "Triangle.UserManagement.Core", "Triangle.UserManagement.Core\Triangle.UserManagement.Core.csproj", "{770C1155-F911-4D2C-AA9C-8381AD1F6B16}"
EndProject
Project("{9A19103F-16F7-4668-BE54-9A1E7A4F7556}") = "Triangle.UserManagement.Data", "Triangle.UserManagement.Data\Triangle.UserManagement.Data.csproj", "{E7D55BB5-8834-4B88-A492-EF2CE482C71E}"
EndProject
Project("{9A19103F-16F7-4668-BE54-9A1E7A4F7556}") = "Triangle.MessageHandler.WS", "Triangle.MessageHandler.WS\Triangle.MessageHandler.WS.csproj", "{C6C24CC3-678D-4652-BD65-394C885B56D3}"
EndProject
Project("{A07B5EB6-E848-4116-A8D0-A826331D98C6}") = "Triangle.MessageHandler.Sfa", "Triangle.MessageHandler.Sfa\Triangle.MessageHandler.Sfa.sfproj", "{FBB2C20A-E240-4543-A32B-D516FAA01447}"
EndProject
Project("{FAE04EC0-301F-11D3-BF4B-00C04F79EFBC}") = "MessageHandlerActor", "MessageHandlerActor\MessageHandlerActor.csproj", "{1FB83F4A-EDAE-41F0-B8B6-36767D86E071}"
EndProject
Project("{FAE04EC0-301F-11D3-BF4B-00C04F79EFBC}") = "MessageHandlerActor.Interfaces", "MessageHandlerActor.Interfaces\MessageHandlerActor.Interfaces.csproj", "{C9ACAF07-9CE1-4EB8-8B61-B2EDBD87DBCD}"
EndProject
Global
	GlobalSection(SolutionConfigurationPlatforms) = preSolution
		Debug|Any CPU = Debug|Any CPU
		Debug|x64 = Debug|x64
		Release|Any CPU = Release|Any CPU
		Release|x64 = Release|x64
	EndGlobalSection
	GlobalSection(ProjectConfigurationPlatforms) = postSolution
		{249D0F26-8147-406A-B927-50C070E4D9E5}.Debug|Any CPU.ActiveCfg = Debug|Any CPU
		{249D0F26-8147-406A-B927-50C070E4D9E5}.Debug|Any CPU.Build.0 = Debug|Any CPU
		{249D0F26-8147-406A-B927-50C070E4D9E5}.Debug|x64.ActiveCfg = Debug|Any CPU
		{249D0F26-8147-406A-B927-50C070E4D9E5}.Debug|x64.Build.0 = Debug|Any CPU
		{249D0F26-8147-406A-B927-50C070E4D9E5}.Release|Any CPU.ActiveCfg = Release|Any CPU
		{249D0F26-8147-406A-B927-50C070E4D9E5}.Release|Any CPU.Build.0 = Release|Any CPU
		{249D0F26-8147-406A-B927-50C070E4D9E5}.Release|x64.ActiveCfg = Release|Any CPU
		{249D0F26-8147-406A-B927-50C070E4D9E5}.Release|x64.Build.0 = Release|Any CPU
		{E1E405CD-4D4D-4A61-9E7E-8BFB29F19AA9}.Debug|Any CPU.ActiveCfg = Debug|Any CPU
		{E1E405CD-4D4D-4A61-9E7E-8BFB29F19AA9}.Debug|Any CPU.Build.0 = Debug|Any CPU
		{E1E405CD-4D4D-4A61-9E7E-8BFB29F19AA9}.Debug|x64.ActiveCfg = Debug|Any CPU
		{E1E405CD-4D4D-4A61-9E7E-8BFB29F19AA9}.Debug|x64.Build.0 = Debug|Any CPU
		{E1E405CD-4D4D-4A61-9E7E-8BFB29F19AA9}.Release|Any CPU.ActiveCfg = Release|Any CPU
		{E1E405CD-4D4D-4A61-9E7E-8BFB29F19AA9}.Release|Any CPU.Build.0 = Release|Any CPU
		{E1E405CD-4D4D-4A61-9E7E-8BFB29F19AA9}.Release|x64.ActiveCfg = Release|Any CPU
		{E1E405CD-4D4D-4A61-9E7E-8BFB29F19AA9}.Release|x64.Build.0 = Release|Any CPU
		{B940D106-9F1F-44CA-A591-938631DDA03E}.Debug|Any CPU.ActiveCfg = Debug|Any CPU
		{B940D106-9F1F-44CA-A591-938631DDA03E}.Debug|Any CPU.Build.0 = Debug|Any CPU
		{B940D106-9F1F-44CA-A591-938631DDA03E}.Debug|x64.ActiveCfg = Debug|Any CPU
		{B940D106-9F1F-44CA-A591-938631DDA03E}.Debug|x64.Build.0 = Debug|Any CPU
		{B940D106-9F1F-44CA-A591-938631DDA03E}.Release|Any CPU.ActiveCfg = Release|Any CPU
		{B940D106-9F1F-44CA-A591-938631DDA03E}.Release|Any CPU.Build.0 = Release|Any CPU
		{B940D106-9F1F-44CA-A591-938631DDA03E}.Release|x64.ActiveCfg = Release|Any CPU
		{B940D106-9F1F-44CA-A591-938631DDA03E}.Release|x64.Build.0 = Release|Any CPU
		{2ACB0E62-957D-454C-9AFD-A55A33195125}.Debug|Any CPU.ActiveCfg = Debug|Any CPU
		{2ACB0E62-957D-454C-9AFD-A55A33195125}.Debug|Any CPU.Build.0 = Debug|Any CPU
		{2ACB0E62-957D-454C-9AFD-A55A33195125}.Debug|x64.ActiveCfg = Debug|Any CPU
		{2ACB0E62-957D-454C-9AFD-A55A33195125}.Debug|x64.Build.0 = Debug|Any CPU
		{2ACB0E62-957D-454C-9AFD-A55A33195125}.Release|Any CPU.ActiveCfg = Release|Any CPU
		{2ACB0E62-957D-454C-9AFD-A55A33195125}.Release|Any CPU.Build.0 = Release|Any CPU
		{2ACB0E62-957D-454C-9AFD-A55A33195125}.Release|x64.ActiveCfg = Release|Any CPU
		{2ACB0E62-957D-454C-9AFD-A55A33195125}.Release|x64.Build.0 = Release|Any CPU
		{1027293F-506C-40C3-B8BF-69E25C6DE2D2}.Debug|Any CPU.ActiveCfg = Debug|Any CPU
		{1027293F-506C-40C3-B8BF-69E25C6DE2D2}.Debug|Any CPU.Build.0 = Debug|Any CPU
		{1027293F-506C-40C3-B8BF-69E25C6DE2D2}.Debug|x64.ActiveCfg = Debug|Any CPU
		{1027293F-506C-40C3-B8BF-69E25C6DE2D2}.Debug|x64.Build.0 = Debug|Any CPU
		{1027293F-506C-40C3-B8BF-69E25C6DE2D2}.Release|Any CPU.ActiveCfg = Release|Any CPU
		{1027293F-506C-40C3-B8BF-69E25C6DE2D2}.Release|Any CPU.Build.0 = Release|Any CPU
		{1027293F-506C-40C3-B8BF-69E25C6DE2D2}.Release|x64.ActiveCfg = Release|Any CPU
		{1027293F-506C-40C3-B8BF-69E25C6DE2D2}.Release|x64.Build.0 = Release|Any CPU
		{770C1155-F911-4D2C-AA9C-8381AD1F6B16}.Debug|Any CPU.ActiveCfg = Debug|Any CPU
		{770C1155-F911-4D2C-AA9C-8381AD1F6B16}.Debug|Any CPU.Build.0 = Debug|Any CPU
		{770C1155-F911-4D2C-AA9C-8381AD1F6B16}.Debug|x64.ActiveCfg = Debug|Any CPU
		{770C1155-F911-4D2C-AA9C-8381AD1F6B16}.Debug|x64.Build.0 = Debug|Any CPU
		{770C1155-F911-4D2C-AA9C-8381AD1F6B16}.Release|Any CPU.ActiveCfg = Release|Any CPU
		{770C1155-F911-4D2C-AA9C-8381AD1F6B16}.Release|Any CPU.Build.0 = Release|Any CPU
		{770C1155-F911-4D2C-AA9C-8381AD1F6B16}.Release|x64.ActiveCfg = Release|Any CPU
		{770C1155-F911-4D2C-AA9C-8381AD1F6B16}.Release|x64.Build.0 = Release|Any CPU
		{E7D55BB5-8834-4B88-A492-EF2CE482C71E}.Debug|Any CPU.ActiveCfg = Debug|Any CPU
		{E7D55BB5-8834-4B88-A492-EF2CE482C71E}.Debug|Any CPU.Build.0 = Debug|Any CPU
		{E7D55BB5-8834-4B88-A492-EF2CE482C71E}.Debug|x64.ActiveCfg = Debug|Any CPU
		{E7D55BB5-8834-4B88-A492-EF2CE482C71E}.Debug|x64.Build.0 = Debug|Any CPU
		{E7D55BB5-8834-4B88-A492-EF2CE482C71E}.Release|Any CPU.ActiveCfg = Release|Any CPU
		{E7D55BB5-8834-4B88-A492-EF2CE482C71E}.Release|Any CPU.Build.0 = Release|Any CPU
		{E7D55BB5-8834-4B88-A492-EF2CE482C71E}.Release|x64.ActiveCfg = Release|Any CPU
		{E7D55BB5-8834-4B88-A492-EF2CE482C71E}.Release|x64.Build.0 = Release|Any CPU
		{C6C24CC3-678D-4652-BD65-394C885B56D3}.Debug|Any CPU.ActiveCfg = Debug|Any CPU
		{C6C24CC3-678D-4652-BD65-394C885B56D3}.Debug|Any CPU.Build.0 = Debug|Any CPU
		{C6C24CC3-678D-4652-BD65-394C885B56D3}.Debug|x64.ActiveCfg = Debug|Any CPU
		{C6C24CC3-678D-4652-BD65-394C885B56D3}.Debug|x64.Build.0 = Debug|Any CPU
		{C6C24CC3-678D-4652-BD65-394C885B56D3}.Release|Any CPU.ActiveCfg = Release|Any CPU
		{C6C24CC3-678D-4652-BD65-394C885B56D3}.Release|Any CPU.Build.0 = Release|Any CPU
		{C6C24CC3-678D-4652-BD65-394C885B56D3}.Release|x64.ActiveCfg = Release|Any CPU
		{C6C24CC3-678D-4652-BD65-394C885B56D3}.Release|x64.Build.0 = Release|Any CPU
		{FBB2C20A-E240-4543-A32B-D516FAA01447}.Debug|Any CPU.ActiveCfg = Debug|x64
		{FBB2C20A-E240-4543-A32B-D516FAA01447}.Debug|x64.ActiveCfg = Debug|x64
		{FBB2C20A-E240-4543-A32B-D516FAA01447}.Debug|x64.Build.0 = Debug|x64
		{FBB2C20A-E240-4543-A32B-D516FAA01447}.Debug|x64.Deploy.0 = Debug|x64
		{FBB2C20A-E240-4543-A32B-D516FAA01447}.Release|Any CPU.ActiveCfg = Release|x64
		{FBB2C20A-E240-4543-A32B-D516FAA01447}.Release|x64.ActiveCfg = Release|x64
		{FBB2C20A-E240-4543-A32B-D516FAA01447}.Release|x64.Build.0 = Release|x64
		{FBB2C20A-E240-4543-A32B-D516FAA01447}.Release|x64.Deploy.0 = Release|x64
		{1FB83F4A-EDAE-41F0-B8B6-36767D86E071}.Debug|Any CPU.ActiveCfg = Debug|x64
		{1FB83F4A-EDAE-41F0-B8B6-36767D86E071}.Debug|x64.ActiveCfg = Debug|x64
		{1FB83F4A-EDAE-41F0-B8B6-36767D86E071}.Debug|x64.Build.0 = Debug|x64
		{1FB83F4A-EDAE-41F0-B8B6-36767D86E071}.Release|Any CPU.ActiveCfg = Release|x64
		{1FB83F4A-EDAE-41F0-B8B6-36767D86E071}.Release|x64.ActiveCfg = Release|x64
		{1FB83F4A-EDAE-41F0-B8B6-36767D86E071}.Release|x64.Build.0 = Release|x64
		{C9ACAF07-9CE1-4EB8-8B61-B2EDBD87DBCD}.Debug|Any CPU.ActiveCfg = Debug|x64
		{C9ACAF07-9CE1-4EB8-8B61-B2EDBD87DBCD}.Debug|x64.ActiveCfg = Debug|x64
		{C9ACAF07-9CE1-4EB8-8B61-B2EDBD87DBCD}.Debug|x64.Build.0 = Debug|x64
		{C9ACAF07-9CE1-4EB8-8B61-B2EDBD87DBCD}.Release|Any CPU.ActiveCfg = Release|x64
		{C9ACAF07-9CE1-4EB8-8B61-B2EDBD87DBCD}.Release|x64.ActiveCfg = Release|x64
		{C9ACAF07-9CE1-4EB8-8B61-B2EDBD87DBCD}.Release|x64.Build.0 = Release|x64
	EndGlobalSection
	GlobalSection(SolutionProperties) = preSolution
		HideSolutionNode = FALSE
	EndGlobalSection
	GlobalSection(ExtensibilityGlobals) = postSolution
		SolutionGuid = {4D21F9B5-3C19-4753-B811-0A96F459220F}
	EndGlobalSection
EndGlobal
