
Microsoft Visual Studio Solution File, Format Version 12.00
# Visual Studio 15
VisualStudioVersion = 15.0.26730.16
MinimumVisualStudioVersion = 10.0.40219.1
Project("{9A19103F-16F7-4668-BE54-9A1E7A4F7556}") = "Triangle.WebApi", "Triangle.WebApi\Triangle.WebApi.csproj", "{249D0F26-8147-406A-B927-50C070E4D9E5}"
EndProject
Project("{9A19103F-16F7-4668-BE54-9A1E7A4F7556}") = "Triangle.SharedKernel", "Triangle.SharedKernel\Triangle.SharedKernel.csproj", "{E1E405CD-4D4D-4A61-9E7E-8BFB29F19AA9}"
EndProject
Project("{9A19103F-16F7-4668-BE54-9A1E7A4F7556}") = "Triangle.CustomerManagement.Core", "Triangle.CustomerManagement.Core\Triangle.CustomerManagement.Core.csproj", "{B940D106-9F1F-44CA-A591-938631DDA03E}"
EndProject
Project("{9A19103F-16F7-4668-BE54-9A1E7A4F7556}") = "Triangle.Web", "Triangle.Web\Triangle.Web.csproj", "{2ACB0E62-957D-454C-9AFD-A55A33195125}"
EndProject
Project("{FAE04EC0-301F-11D3-BF4B-00C04F79EFBC}") = "Triangle.CustomerManagement.Data", "Triangle.CustomerManagement.Data\Triangle.CustomerManagement.Data.csproj", "{1027293F-506C-40C3-B8BF-69E25C6DE2D2}"
EndProject
Global
	GlobalSection(SolutionConfigurationPlatforms) = preSolution
		Debug|Any CPU = Debug|Any CPU
		Release|Any CPU = Release|Any CPU
	EndGlobalSection
	GlobalSection(ProjectConfigurationPlatforms) = postSolution
		{249D0F26-8147-406A-B927-50C070E4D9E5}.Debug|Any CPU.ActiveCfg = Debug|Any CPU
		{249D0F26-8147-406A-B927-50C070E4D9E5}.Debug|Any CPU.Build.0 = Debug|Any CPU
		{249D0F26-8147-406A-B927-50C070E4D9E5}.Release|Any CPU.ActiveCfg = Release|Any CPU
		{249D0F26-8147-406A-B927-50C070E4D9E5}.Release|Any CPU.Build.0 = Release|Any CPU
		{E1E405CD-4D4D-4A61-9E7E-8BFB29F19AA9}.Debug|Any CPU.ActiveCfg = Debug|Any CPU
		{E1E405CD-4D4D-4A61-9E7E-8BFB29F19AA9}.Debug|Any CPU.Build.0 = Debug|Any CPU
		{E1E405CD-4D4D-4A61-9E7E-8BFB29F19AA9}.Release|Any CPU.ActiveCfg = Release|Any CPU
		{E1E405CD-4D4D-4A61-9E7E-8BFB29F19AA9}.Release|Any CPU.Build.0 = Release|Any CPU
		{B940D106-9F1F-44CA-A591-938631DDA03E}.Debug|Any CPU.ActiveCfg = Debug|Any CPU
		{B940D106-9F1F-44CA-A591-938631DDA03E}.Debug|Any CPU.Build.0 = Debug|Any CPU
		{B940D106-9F1F-44CA-A591-938631DDA03E}.Release|Any CPU.ActiveCfg = Release|Any CPU
		{B940D106-9F1F-44CA-A591-938631DDA03E}.Release|Any CPU.Build.0 = Release|Any CPU
		{2ACB0E62-957D-454C-9AFD-A55A33195125}.Debug|Any CPU.ActiveCfg = Debug|Any CPU
		{2ACB0E62-957D-454C-9AFD-A55A33195125}.Debug|Any CPU.Build.0 = Debug|Any CPU
		{2ACB0E62-957D-454C-9AFD-A55A33195125}.Release|Any CPU.ActiveCfg = Release|Any CPU
		{2ACB0E62-957D-454C-9AFD-A55A33195125}.Release|Any CPU.Build.0 = Release|Any CPU
		{1027293F-506C-40C3-B8BF-69E25C6DE2D2}.Debug|Any CPU.ActiveCfg = Debug|Any CPU
		{1027293F-506C-40C3-B8BF-69E25C6DE2D2}.Debug|Any CPU.Build.0 = Debug|Any CPU
		{1027293F-506C-40C3-B8BF-69E25C6DE2D2}.Release|Any CPU.ActiveCfg = Release|Any CPU
		{1027293F-506C-40C3-B8BF-69E25C6DE2D2}.Release|Any CPU.Build.0 = Release|Any CPU
	EndGlobalSection
	GlobalSection(SolutionProperties) = preSolution
		HideSolutionNode = FALSE
	EndGlobalSection
	GlobalSection(ExtensibilityGlobals) = postSolution
		SolutionGuid = {4D21F9B5-3C19-4753-B811-0A96F459220F}
	EndGlobalSection
EndGlobal
